// !$*UTF8*$!
{
	archiveVersion = 1;
	classes = {
	};
	objectVersion = 77;
	objects = {

/* Begin PBXBuildFile section */
		005BA037BF7638B7ECBF212A /* RevenueCat in Frameworks */ = {isa = PBXBuildFile; productRef = 81D082D7DC3EECFB45809889 /* RevenueCat */; };
		01CBF2020F395B4028383279 /* Inter-Variable.ttf in Resources */ = {isa = PBXBuildFile; fileRef = 6BD6B32111863921BFC4C9ED /* Inter-Variable.ttf */; };
		0E96F334434C97A575306806 /* WalkWorthyApp.swift in Sources */ = {isa = PBXBuildFile; fileRef = 1E56FA0FD64E48866B2E48AB /* WalkWorthyApp.swift */; };
		A11A0B1C2D3E4F5061728390 /* AppLanguage.swift in Sources */ = {isa = PBXBuildFile; fileRef = B22B0C1D2E3F405162738490 /* AppLanguage.swift */; };
		A11A0B1C2D3E4F5061728391 /* Localization.swift in Sources */ = {isa = PBXBuildFile; fileRef = B22B0C1D2E3F405162738491 /* Localization.swift */; };
		A11A0B1C2D3E4F5061728392 /* Localizable.strings in Resources */ = {isa = PBXBuildFile; fileRef = B22B0C1D2E3F405162738492 /* Localizable.strings */; };
		A11A0B1C2D3E4F5061728393 /* Localizable.strings in Resources */ = {isa = PBXBuildFile; fileRef = B22B0C1D2E3F405162738493 /* Localizable.strings */; };
		13BD91DFBDE51D78A9397315 /* PaywallView.swift in Sources */ = {isa = PBXBuildFile; fileRef = 52AA0E3967F94C0E2BBC3633 /* PaywallView.swift */; };
		16BF2B30791EFC9C34CBD405 /* BackendDailyJourneyPackageProvider.swift in Sources */ = {isa = PBXBuildFile; fileRef = 79C0D15557C5C992BA0F0040 /* BackendDailyJourneyPackageProvider.swift */; };
		16C8F6A4F09C90CC81365482 /* PlusJakartaSans-SemiBoldItalic.ttf in Resources */ = {isa = PBXBuildFile; fileRef = DF6340BAF3FDCC36BFA86FFC /* PlusJakartaSans-SemiBoldItalic.ttf */; };
		16D814679C281C30AA2C119D /* ScriptureReferenceValidator.swift in Sources */ = {isa = PBXBuildFile; fileRef = A8DB2D76A1B4E2BE93383E35 /* ScriptureReferenceValidator.swift */; };
		185A5FF8B5C2EE873B98F80B /* PrayerJourney.swift in Sources */ = {isa = PBXBuildFile; fileRef = 68C70184C4C4518128D5846F /* PrayerJourney.swift */; };
		189BA4F4BB9134F3F6C5401C /* OnboardingProfile.swift in Sources */ = {isa = PBXBuildFile; fileRef = 7A5443904D4F17D5CBA711B3 /* OnboardingProfile.swift */; };
		1A1DA0DD9888567EFD508519 /* PlusJakartaSans-Light.ttf in Resources */ = {isa = PBXBuildFile; fileRef = F806B97A5D01C7B72D4FCDA1 /* PlusJakartaSans-Light.ttf */; };
		1A278E1590AD116A80C99220 /* PlusJakartaSans-ExtraLightItalic.ttf in Resources */ = {isa = PBXBuildFile; fileRef = DF4DB861E074B997695B68A9 /* PlusJakartaSans-ExtraLightItalic.ttf */; };
		1AFDE0F5A523F91987C0FB90 /* MonetizationPolicy.swift in Sources */ = {isa = PBXBuildFile; fileRef = 0832666F09D4C16B2C21B2E2 /* MonetizationPolicy.swift */; };
		1B650A76D634085C5D64680C /* NotificationService.swift in Sources */ = {isa = PBXBuildFile; fileRef = B8C4ACA99A63A5F12C93E33E /* NotificationService.swift */; };
		1ECFB12054E159B11F7D2B8E /* PlusJakartaSans-BoldItalic.ttf in Resources */ = {isa = PBXBuildFile; fileRef = 80300270996D16A15C471F4F /* PlusJakartaSans-BoldItalic.ttf */; };
		1FC05C2B62BFB292D25C7167 /* ExperimentalOnboardingFlowView.swift in Sources */ = {isa = PBXBuildFile; fileRef = 8ABB7957D6198E019310BD03 /* ExperimentalOnboardingFlowView.swift */; };
		2B9DBC262DBDF9B0AE6A5232 /* reminders_transparent_light_mode.svg in Resources */ = {isa = PBXBuildFile; fileRef = 6A0821535CE0A5451BB3857D /* reminders_transparent_light_mode.svg */; };
		2FDA485F2271C1D674765BE5 /* PlusJakartaSans-ExtraBold.ttf in Resources */ = {isa = PBXBuildFile; fileRef = BBC2416B321B36D99A5216EC /* PlusJakartaSans-ExtraBold.ttf */; };
		3199710076C72D9AE653E90A /* AppSettings.swift in Sources */ = {isa = PBXBuildFile; fileRef = 067C7842AD275F8263788578 /* AppSettings.swift */; };
		328B0836DAC7754D79FE2CB0 /* TendWidgetSnapshot.swift in Sources */ = {isa = PBXBuildFile; fileRef = 3CF14F540D34F66BFE119FB4 /* TendWidgetSnapshot.swift */; };
		33CB4471A808255036D68AA8 /* PlusJakartaSans-Regular.ttf in Resources */ = {isa = PBXBuildFile; fileRef = B2EFC8C26F46586DC9839157 /* PlusJakartaSans-Regular.ttf */; };
		375C0753F5A86193369F7AA6 /* JourneyMemorySnapshot.swift in Sources */ = {isa = PBXBuildFile; fileRef = 6255A6EBC3857B96426C60EC /* JourneyMemorySnapshot.swift */; };
		383F7E1B05C71C2E7CCD29B5 /* JourneyCreationPolicy.swift in Sources */ = {isa = PBXBuildFile; fileRef = 98D5C2E1302B2A8288334BB5 /* JourneyCreationPolicy.swift */; };
		397576735BE817F56C4CF279 /* WWComponents.swift in Sources */ = {isa = PBXBuildFile; fileRef = F54DDACB6A90056567E5D567 /* WWComponents.swift */; };
		3AAF3F5520EE1467BEA0B6EB /* MainTabView.swift in Sources */ = {isa = PBXBuildFile; fileRef = 7F31C623BA3D2509776849C8 /* MainTabView.swift */; };
		43636AD8111A18ECE9277E40 /* TendSnapshotWidget.swift in Sources */ = {isa = PBXBuildFile; fileRef = E9BE96BA556199B9A68001F7 /* TendSnapshotWidget.swift */; };
		437E1C0B4BE5E049A33DCBC5 /* WWTypography.swift in Sources */ = {isa = PBXBuildFile; fileRef = E9774447A31BEB96034311EB /* WWTypography.swift */; };
		44A7BA008D034E7BFD20317A /* PlusJakartaSans-ExtraLight.ttf in Resources */ = {isa = PBXBuildFile; fileRef = BF31E8DF66CA451D78D50358 /* PlusJakartaSans-ExtraLight.ttf */; };
		4668744C40658B826D6C2C43 /* SettingsView.swift in Sources */ = {isa = PBXBuildFile; fileRef = 29C72E46496A1ABD75C2404A /* SettingsView.swift */; };
		4751C09A808B9C299E6B1779 /* notification_card_2.png in Resources */ = {isa = PBXBuildFile; fileRef = 6B142C2B1B2FF4743FEC1D87 /* notification_card_2.png */; };
		47B5A900E5F6661FEFF8856F /* reminders_transparent_light_mode.png in Resources */ = {isa = PBXBuildFile; fileRef = 32553731CDFE3AD38F36B43E /* reminders_transparent_light_mode.png */; };
		5387EFE0FD2E8C75433EAA7C /* HomeView.swift in Sources */ = {isa = PBXBuildFile; fileRef = DB37E26A0705A98D2F4CBD96 /* HomeView.swift */; };
		53A9F43F95524E37691716A5 /* RootView.swift in Sources */ = {isa = PBXBuildFile; fileRef = 8EB51F91B80B206B0A04EE75 /* RootView.swift */; };
		5BCF17212904208949D5681D /* ReminderSchedule.swift in Sources */ = {isa = PBXBuildFile; fileRef = 923457764642489140D6255D /* ReminderSchedule.swift */; };
		5BE6A5BD13AC9BF62C9790DF /* PlusJakartaSans-Bold.ttf in Resources */ = {isa = PBXBuildFile; fileRef = D44C9117DA82D3B52145C051 /* PlusJakartaSans-Bold.ttf */; };
		5CA6070FEB39CE88880CFAE8 /* PlusJakartaSans-ExtraBoldItalic.ttf in Resources */ = {isa = PBXBuildFile; fileRef = 8D90D17527B3E2DCA2B1CD34 /* PlusJakartaSans-ExtraBoldItalic.ttf */; };
		64FE2BCF472740B974D56799 /* Assets.xcassets in Resources */ = {isa = PBXBuildFile; fileRef = 9EC52B5B7CFE50833A3B6D93 /* Assets.xcassets */; };
		6628BAC2E67194F4A4C70F6F /* JourneyMemoryService.swift in Sources */ = {isa = PBXBuildFile; fileRef = B1A2A9E1E169A3CEC209A553 /* JourneyMemoryService.swift */; };
		6DA808153C772979C9BFC96E /* WalkWorthyUITests.swift in Sources */ = {isa = PBXBuildFile; fileRef = 72C18C8E45D3B58226D593CA /* WalkWorthyUITests.swift */; };
		6E605DB051E2B681E90F81DF /* TendWidgetsBundle.swift in Sources */ = {isa = PBXBuildFile; fileRef = 24EA82BC822880A1EDA0356B /* TendWidgetsBundle.swift */; };
		6E6E0502968106AED315DD36 /* WWTypography.swift in Sources */ = {isa = PBXBuildFile; fileRef = E9774447A31BEB96034311EB /* WWTypography.swift */; };
		71971C655D020892B6150C70 /* Assets.xcassets in Resources */ = {isa = PBXBuildFile; fileRef = DB07E183E2A2DD654A33A79E /* Assets.xcassets */; };
		74BEE2D083823252DAEC838E /* AIContentClient.swift in Sources */ = {isa = PBXBuildFile; fileRef = 9AE3E9FB55CEAC85D7B7141E /* AIContentClient.swift */; };
		7623E0EE0B7758143CE21CC7 /* PlusJakartaSans-Italic.ttf in Resources */ = {isa = PBXBuildFile; fileRef = 709EF61D7C9C0E66F5683CC2 /* PlusJakartaSans-Italic.ttf */; };
		7822E4FF77F20F5213F1E19F /* OnboardingIntroLoopView.swift in Sources */ = {isa = PBXBuildFile; fileRef = A13FD313E3C771FC635DE56B /* OnboardingIntroLoopView.swift */; };
		79A3357C815397FC26E9E94B /* JourneyContentService.swift in Sources */ = {isa = PBXBuildFile; fileRef = 3CC407782E281A614393C914 /* JourneyContentService.swift */; };
		7EA130D42FACD7FD2FA42FDB /* PlusJakartaSans-Italic-VariableFont_wght.ttf in Resources */ = {isa = PBXBuildFile; fileRef = 3C8C2C6781D5FCE72FA779A0 /* PlusJakartaSans-Italic-VariableFont_wght.ttf */; };
		8200B397463F6C3A65417734 /* WWColor.swift in Sources */ = {isa = PBXBuildFile; fileRef = 77EC2817706030DE811C7189 /* WWColor.swift */; };
		87948FD446BAEF00A3166557 /* PlusJakartaSans-SemiBold.ttf in Resources */ = {isa = PBXBuildFile; fileRef = 5AE90E4D7EF0D60B6AD3EB45 /* PlusJakartaSans-SemiBold.ttf */; };
		8CA4B1A9C7396E040A9321E4 /* TendWidgetSnapshot.swift in Sources */ = {isa = PBXBuildFile; fileRef = 3CF14F540D34F66BFE119FB4 /* TendWidgetSnapshot.swift */; };
		906921FF1F8246FBBE35E5CE /* notification_card_1.png in Resources */ = {isa = PBXBuildFile; fileRef = 51F84D3407F135FDCC04C988 /* notification_card_1.png */; };
		911F081CDC31FE8B266C59F8 /* DailyJourneyPackage.swift in Sources */ = {isa = PBXBuildFile; fileRef = 5BD8EB66D447FC5512ED3AA9 /* DailyJourneyPackage.swift */; };
		9539B09CAD4BB0763B6E637E /* PlusJakartaSans-LightItalic.ttf in Resources */ = {isa = PBXBuildFile; fileRef = 649A8F9F71F1C4121DCBC5F5 /* PlusJakartaSans-LightItalic.ttf */; };
		9DF34333BB816EB5989CBAE1 /* AppConstants.swift in Sources */ = {isa = PBXBuildFile; fileRef = 172AE255F96BEAD1C99935CE /* AppConstants.swift */; };
		9F38332331CFDF0711F98909 /* PaywallMode.swift in Sources */ = {isa = PBXBuildFile; fileRef = D85440638830873F6D000ECB /* PaywallMode.swift */; };
		A7CCBD453DC37BDA488815EC /* TodayCard.swift in Sources */ = {isa = PBXBuildFile; fileRef = 2876CDB2AFB3C4155991256F /* TodayCard.swift */; };
		A9FD005BC1FAA4338022BA92 /* HomeBackgroundTheme.swift in Sources */ = {isa = PBXBuildFile; fileRef = 8A4E6FF365BF6ECAA188B2A2 /* HomeBackgroundTheme.swift */; };
		B06D8C4642A14B35226E8742 /* PlusJakartaSans-Medium.ttf in Resources */ = {isa = PBXBuildFile; fileRef = EC4C2A74FEC61E8A900B2067 /* PlusJakartaSans-Medium.ttf */; };
		B2300037A90BBC365CE88158 /* AnalyticsService.swift in Sources */ = {isa = PBXBuildFile; fileRef = A7A4B130ACEBCB4AB4BC4E74 /* AnalyticsService.swift */; };
		B6EDAFD127167F049EDF9A00 /* OnboardingExperimentService.swift in Sources */ = {isa = PBXBuildFile; fileRef = 3D48393349D27833737CC06E /* OnboardingExperimentService.swift */; };
		B866044E4E3BA553614C3A0C /* ConnectivityService.swift in Sources */ = {isa = PBXBuildFile; fileRef = 407AE85D47F5E96675BBDF1F /* ConnectivityService.swift */; };
		B93230BDFBA70CF641D9ADC0 /* WWColor.swift in Sources */ = {isa = PBXBuildFile; fileRef = 77EC2817706030DE811C7189 /* WWColor.swift */; };
		BDF46555FD65216E1E75170B /* WalkWorthyTests.swift in Sources */ = {isa = PBXBuildFile; fileRef = D27A49345B9892A16501131B /* WalkWorthyTests.swift */; };
		C37B71AE9BCE672E42CDD5B3 /* OnboardingFlowView.swift in Sources */ = {isa = PBXBuildFile; fileRef = F79139B1B772C8438407A86D /* OnboardingFlowView.swift */; };
		C7EC052CA8D9DA46E0E083D3 /* JourneyProgressService.swift in Sources */ = {isa = PBXBuildFile; fileRef = 5222DE8FB9CBEAC9CB97F58F /* JourneyProgressService.swift */; };
		CBBFB75D1DDF3A55053F9842 /* FirstTendFlowOrchestrator.swift in Sources */ = {isa = PBXBuildFile; fileRef = DBD2904E8777C3D4970D4627 /* FirstTendFlowOrchestrator.swift */; };
		CE8A0C8478BD2020287B86DF /* TendWidgets.appex in Embed Foundation Extensions */ = {isa = PBXBuildFile; fileRef = 3BDE2C35A4FFC142B923B499 /* TendWidgets.appex */; settings = {ATTRIBUTES = (RemoveHeadersOnCopy, ); }; };
		D2DB76ABD73D2942A56033FC /* OnboardingIntroLoop.mov in Resources */ = {isa = PBXBuildFile; fileRef = FA7B6A0683729FE4EC039BE9 /* OnboardingIntroLoop.mov */; };
		D4E5ABA5A6C53F7539D6E65E /* AnsweredPrayer.swift in Sources */ = {isa = PBXBuildFile; fileRef = B5830B39F0DDAA2B30FD513E /* AnsweredPrayer.swift */; };
		D6DEB312670CD03D4301B1E5 /* TemplateTodayCardGenerator.swift in Sources */ = {isa = PBXBuildFile; fileRef = 6A01BFFC55578F2BA6469432 /* TemplateTodayCardGenerator.swift */; };
		D800C7E07360618D86C48FB6 /* WidgetSyncService.swift in Sources */ = {isa = PBXBuildFile; fileRef = B939084435BDDCC5A7C61259 /* WidgetSyncService.swift */; };
		DA61263596DFF2BD44567C0E /* notifications.svg in Resources */ = {isa = PBXBuildFile; fileRef = 6C6499656B7905EBB3F8AAEF /* notifications.svg */; };
		DA6305B6B75E5CA401F6A649 /* JourneyProgressEvent.swift in Sources */ = {isa = PBXBuildFile; fileRef = 95EFD7CBA662617AA7C61694 /* JourneyProgressEvent.swift */; };
		DAE4914F8092A7D9E24D07A2 /* FollowThroughService.swift in Sources */ = {isa = PBXBuildFile; fileRef = D0429D8BACD93FE60BEBB3C5 /* FollowThroughService.swift */; };
		DD3344D858564BC3BEB2A652 /* PrayerEntry.swift in Sources */ = {isa = PBXBuildFile; fileRef = 0A4CD94872187AAA242E7115 /* PrayerEntry.swift */; };
		E004F2DC61854E4C626BCFC8 /* iphone_notifications.png in Resources */ = {isa = PBXBuildFile; fileRef = DC3DAB04A87EE0C4FC2B75B2 /* iphone_notifications.png */; };
		E0AAF49DD407AA39F1D46445 /* SubscriptionService.swift in Sources */ = {isa = PBXBuildFile; fileRef = 8749975FC64A74D869B254EB /* SubscriptionService.swift */; };
		E24503D858F0834E942FBCC9 /* DailyJourneyPackageRecord.swift in Sources */ = {isa = PBXBuildFile; fileRef = 45CC96598F9FBD3113FD15E4 /* DailyJourneyPackageRecord.swift */; };
		E63E9832B1C2C450FF353157 /* PlusJakartaSans-VariableFont_wght.ttf in Resources */ = {isa = PBXBuildFile; fileRef = 9E560EDBC080FF490EE1845A /* PlusJakartaSans-VariableFont_wght.ttf */; };
		ECF7BC7A72E8B3A915F59B7A /* JournalView.swift in Sources */ = {isa = PBXBuildFile; fileRef = FB6619712AC943B05F298276 /* JournalView.swift */; };
		ED30A782AFD46FE0071FEA9F /* AppConstants.swift in Sources */ = {isa = PBXBuildFile; fileRef = 172AE255F96BEAD1C99935CE /* AppConstants.swift */; };
		EE2F2488E5666B3F15FB2BF8 /* PlusJakartaSans-MediumItalic.ttf in Resources */ = {isa = PBXBuildFile; fileRef = 1BAD6D0F5F858145877B1D02 /* PlusJakartaSans-MediumItalic.ttf */; };
		EF15F0BDA42F6D85014EE037 /* FirstTendMilestoneService.swift in Sources */ = {isa = PBXBuildFile; fileRef = 29670347EE240F97A3BBA1C2 /* FirstTendMilestoneService.swift */; };
		FD58A773E561767184330C7E /* notifications.png in Resources */ = {isa = PBXBuildFile; fileRef = BBE3FF48D5DD404041C9E583 /* notifications.png */; };
/* End PBXBuildFile section */

/* Begin PBXContainerItemProxy section */
		0ADB64FC13BD49113CB7F93B /* PBXContainerItemProxy */ = {
			isa = PBXContainerItemProxy;
			containerPortal = 92C4E3B6387D78F94278068A /* Project object */;
			proxyType = 1;
			remoteGlobalIDString = EB4F0D91A7B3CFC6CB4570F5;
			remoteInfo = WalkWorthy;
		};
		5A0FBB8AB7C37E913102B2FA /* PBXContainerItemProxy */ = {
			isa = PBXContainerItemProxy;
			containerPortal = 92C4E3B6387D78F94278068A /* Project object */;
			proxyType = 1;
			remoteGlobalIDString = EB4F0D91A7B3CFC6CB4570F5;
			remoteInfo = WalkWorthy;
		};
		650E034A3D526D7C6C0A535E /* PBXContainerItemProxy */ = {
			isa = PBXContainerItemProxy;
			containerPortal = 92C4E3B6387D78F94278068A /* Project object */;
			proxyType = 1;
			remoteGlobalIDString = 2DE814EBA55CC1EC74BB26A5;
			remoteInfo = TendWidgets;
		};
/* End PBXContainerItemProxy section */

/* Begin PBXCopyFilesBuildPhase section */
		2D1C921DBCA5CDAB50EF1FF0 /* Embed Foundation Extensions */ = {
			isa = PBXCopyFilesBuildPhase;
			buildActionMask = 2147483647;
			dstPath = "";
			dstSubfolderSpec = 13;
			files = (
				CE8A0C8478BD2020287B86DF /* TendWidgets.appex in Embed Foundation Extensions */,
			);
			name = "Embed Foundation Extensions";
			runOnlyForDeploymentPostprocessing = 0;
		};
/* End PBXCopyFilesBuildPhase section */

/* Begin PBXFileReference section */
		067C7842AD275F8263788578 /* AppSettings.swift */ = {isa = PBXFileReference; lastKnownFileType = sourcecode.swift; path = AppSettings.swift; sourceTree = "<group>"; };
		0832666F09D4C16B2C21B2E2 /* MonetizationPolicy.swift */ = {isa = PBXFileReference; lastKnownFileType = sourcecode.swift; path = MonetizationPolicy.swift; sourceTree = "<group>"; };
		0A4CD94872187AAA242E7115 /* PrayerEntry.swift */ = {isa = PBXFileReference; lastKnownFileType = sourcecode.swift; path = PrayerEntry.swift; sourceTree = "<group>"; };
		0AA24D8AF2FCDF14CC83285E /* Info.plist */ = {isa = PBXFileReference; lastKnownFileType = text.plist; path = Info.plist; sourceTree = "<group>"; };
		16E856243CDE0AD2E5949B12 /* WalkWorthyTests.xctest */ = {isa = PBXFileReference; explicitFileType = wrapper.cfbundle; includeInIndex = 0; path = WalkWorthyTests.xctest; sourceTree = BUILT_PRODUCTS_DIR; };
		172AE255F96BEAD1C99935CE /* AppConstants.swift */ = {isa = PBXFileReference; lastKnownFileType = sourcecode.swift; path = AppConstants.swift; sourceTree = "<group>"; };
		1BAD6D0F5F858145877B1D02 /* PlusJakartaSans-MediumItalic.ttf */ = {isa = PBXFileReference; lastKnownFileType = file; path = "PlusJakartaSans-MediumItalic.ttf"; sourceTree = "<group>"; };
		1E56FA0FD64E48866B2E48AB /* WalkWorthyApp.swift */ = {isa = PBXFileReference; lastKnownFileType = sourcecode.swift; path = WalkWorthyApp.swift; sourceTree = "<group>"; };
		2055B564ED7F395B4B9C093F /* Debug.xcconfig */ = {isa = PBXFileReference; lastKnownFileType = text.xcconfig; path = Debug.xcconfig; sourceTree = "<group>"; };
		21DB08E0092A4010FEA21A33 /* WalkWorthyUITests.xctest */ = {isa = PBXFileReference; explicitFileType = wrapper.cfbundle; includeInIndex = 0; path = WalkWorthyUITests.xctest; sourceTree = BUILT_PRODUCTS_DIR; };
		24EA82BC822880A1EDA0356B /* TendWidgetsBundle.swift */ = {isa = PBXFileReference; lastKnownFileType = sourcecode.swift; path = TendWidgetsBundle.swift; sourceTree = "<group>"; };
		2876CDB2AFB3C4155991256F /* TodayCard.swift */ = {isa = PBXFileReference; lastKnownFileType = sourcecode.swift; path = TodayCard.swift; sourceTree = "<group>"; };
		29670347EE240F97A3BBA1C2 /* FirstTendMilestoneService.swift */ = {isa = PBXFileReference; lastKnownFileType = sourcecode.swift; path = FirstTendMilestoneService.swift; sourceTree = "<group>"; };
		29C72E46496A1ABD75C2404A /* SettingsView.swift */ = {isa = PBXFileReference; lastKnownFileType = sourcecode.swift; path = SettingsView.swift; sourceTree = "<group>"; };
		32553731CDFE3AD38F36B43E /* reminders_transparent_light_mode.png */ = {isa = PBXFileReference; lastKnownFileType = image.png; path = reminders_transparent_light_mode.png; sourceTree = "<group>"; };
		3BDE2C35A4FFC142B923B499 /* TendWidgets.appex */ = {isa = PBXFileReference; explicitFileType = "wrapper.app-extension"; includeInIndex = 0; path = TendWidgets.appex; sourceTree = BUILT_PRODUCTS_DIR; };
		3C8C2C6781D5FCE72FA779A0 /* PlusJakartaSans-Italic-VariableFont_wght.ttf */ = {isa = PBXFileReference; lastKnownFileType = file; path = "PlusJakartaSans-Italic-VariableFont_wght.ttf"; sourceTree = "<group>"; };
		3CC407782E281A614393C914 /* JourneyContentService.swift */ = {isa = PBXFileReference; lastKnownFileType = sourcecode.swift; path = JourneyContentService.swift; sourceTree = "<group>"; };
		3CF14F540D34F66BFE119FB4 /* TendWidgetSnapshot.swift */ = {isa = PBXFileReference; lastKnownFileType = sourcecode.swift; path = TendWidgetSnapshot.swift; sourceTree = "<group>"; };
		3D48393349D27833737CC06E /* OnboardingExperimentService.swift */ = {isa = PBXFileReference; lastKnownFileType = sourcecode.swift; path = OnboardingExperimentService.swift; sourceTree = "<group>"; };
		407AE85D47F5E96675BBDF1F /* ConnectivityService.swift */ = {isa = PBXFileReference; lastKnownFileType = sourcecode.swift; path = ConnectivityService.swift; sourceTree = "<group>"; };
		45B475F4494B399013766BBD /* Info.plist */ = {isa = PBXFileReference; lastKnownFileType = text.plist; path = Info.plist; sourceTree = "<group>"; };
		45CC96598F9FBD3113FD15E4 /* DailyJourneyPackageRecord.swift */ = {isa = PBXFileReference; lastKnownFileType = sourcecode.swift; path = DailyJourneyPackageRecord.swift; sourceTree = "<group>"; };
		51F84D3407F135FDCC04C988 /* notification_card_1.png */ = {isa = PBXFileReference; lastKnownFileType = image.png; path = notification_card_1.png; sourceTree = "<group>"; };
		5222DE8FB9CBEAC9CB97F58F /* JourneyProgressService.swift */ = {isa = PBXFileReference; lastKnownFileType = sourcecode.swift; path = JourneyProgressService.swift; sourceTree = "<group>"; };
		52AA0E3967F94C0E2BBC3633 /* PaywallView.swift */ = {isa = PBXFileReference; lastKnownFileType = sourcecode.swift; path = PaywallView.swift; sourceTree = "<group>"; };
		5588915278F314EF030E71D6 /* .gitkeep */ = {isa = PBXFileReference; lastKnownFileType = text; path = .gitkeep; sourceTree = "<group>"; };
		5AE90E4D7EF0D60B6AD3EB45 /* PlusJakartaSans-SemiBold.ttf */ = {isa = PBXFileReference; lastKnownFileType = file; path = "PlusJakartaSans-SemiBold.ttf"; sourceTree = "<group>"; };
		5B6A33F3980DEECE858DBDEA /* .gitkeep */ = {isa = PBXFileReference; lastKnownFileType = text; path = .gitkeep; sourceTree = "<group>"; };
		5BD8EB66D447FC5512ED3AA9 /* DailyJourneyPackage.swift */ = {isa = PBXFileReference; lastKnownFileType = sourcecode.swift; path = DailyJourneyPackage.swift; sourceTree = "<group>"; };
		6255A6EBC3857B96426C60EC /* JourneyMemorySnapshot.swift */ = {isa = PBXFileReference; lastKnownFileType = sourcecode.swift; path = JourneyMemorySnapshot.swift; sourceTree = "<group>"; };
		649A8F9F71F1C4121DCBC5F5 /* PlusJakartaSans-LightItalic.ttf */ = {isa = PBXFileReference; lastKnownFileType = file; path = "PlusJakartaSans-LightItalic.ttf"; sourceTree = "<group>"; };
		68C70184C4C4518128D5846F /* PrayerJourney.swift */ = {isa = PBXFileReference; lastKnownFileType = sourcecode.swift; path = PrayerJourney.swift; sourceTree = "<group>"; };
		6A01BFFC55578F2BA6469432 /* TemplateTodayCardGenerator.swift */ = {isa = PBXFileReference; lastKnownFileType = sourcecode.swift; path = TemplateTodayCardGenerator.swift; sourceTree = "<group>"; };
		6A0821535CE0A5451BB3857D /* reminders_transparent_light_mode.svg */ = {isa = PBXFileReference; lastKnownFileType = text; path = reminders_transparent_light_mode.svg; sourceTree = "<group>"; };
		6B142C2B1B2FF4743FEC1D87 /* notification_card_2.png */ = {isa = PBXFileReference; lastKnownFileType = image.png; path = notification_card_2.png; sourceTree = "<group>"; };
		6BD6B32111863921BFC4C9ED /* Inter-Variable.ttf */ = {isa = PBXFileReference; lastKnownFileType = file; path = "Inter-Variable.ttf"; sourceTree = "<group>"; };
		6C6499656B7905EBB3F8AAEF /* notifications.svg */ = {isa = PBXFileReference; lastKnownFileType = text; path = notifications.svg; sourceTree = "<group>"; };
		709EF61D7C9C0E66F5683CC2 /* PlusJakartaSans-Italic.ttf */ = {isa = PBXFileReference; lastKnownFileType = file; path = "PlusJakartaSans-Italic.ttf"; sourceTree = "<group>"; };
		71A7780527BA0ABC44FF3F34 /* Tend.app */ = {isa = PBXFileReference; explicitFileType = wrapper.application; includeInIndex = 0; path = Tend.app; sourceTree = BUILT_PRODUCTS_DIR; };
		72C18C8E45D3B58226D593CA /* WalkWorthyUITests.swift */ = {isa = PBXFileReference; lastKnownFileType = sourcecode.swift; path = WalkWorthyUITests.swift; sourceTree = "<group>"; };
		77EC2817706030DE811C7189 /* WWColor.swift */ = {isa = PBXFileReference; lastKnownFileType = sourcecode.swift; path = WWColor.swift; sourceTree = "<group>"; };
		79C0D15557C5C992BA0F0040 /* BackendDailyJourneyPackageProvider.swift */ = {isa = PBXFileReference; lastKnownFileType = sourcecode.swift; path = BackendDailyJourneyPackageProvider.swift; sourceTree = "<group>"; };
		7A5443904D4F17D5CBA711B3 /* OnboardingProfile.swift */ = {isa = PBXFileReference; lastKnownFileType = sourcecode.swift; path = OnboardingProfile.swift; sourceTree = "<group>"; };
		7F31C623BA3D2509776849C8 /* MainTabView.swift */ = {isa = PBXFileReference; lastKnownFileType = sourcecode.swift; path = MainTabView.swift; sourceTree = "<group>"; };
		80300270996D16A15C471F4F /* PlusJakartaSans-BoldItalic.ttf */ = {isa = PBXFileReference; lastKnownFileType = file; path = "PlusJakartaSans-BoldItalic.ttf"; sourceTree = "<group>"; };
		8749975FC64A74D869B254EB /* SubscriptionService.swift */ = {isa = PBXFileReference; lastKnownFileType = sourcecode.swift; path = SubscriptionService.swift; sourceTree = "<group>"; };
		8A4E6FF365BF6ECAA188B2A2 /* HomeBackgroundTheme.swift */ = {isa = PBXFileReference; lastKnownFileType = sourcecode.swift; path = HomeBackgroundTheme.swift; sourceTree = "<group>"; };
		8ABB7957D6198E019310BD03 /* ExperimentalOnboardingFlowView.swift */ = {isa = PBXFileReference; lastKnownFileType = sourcecode.swift; path = ExperimentalOnboardingFlowView.swift; sourceTree = "<group>"; };
		8D90D17527B3E2DCA2B1CD34 /* PlusJakartaSans-ExtraBoldItalic.ttf */ = {isa = PBXFileReference; lastKnownFileType = file; path = "PlusJakartaSans-ExtraBoldItalic.ttf"; sourceTree = "<group>"; };
		8EB51F91B80B206B0A04EE75 /* RootView.swift */ = {isa = PBXFileReference; lastKnownFileType = sourcecode.swift; path = RootView.swift; sourceTree = "<group>"; };
		923457764642489140D6255D /* ReminderSchedule.swift */ = {isa = PBXFileReference; lastKnownFileType = sourcecode.swift; path = ReminderSchedule.swift; sourceTree = "<group>"; };
		95EFD7CBA662617AA7C61694 /* JourneyProgressEvent.swift */ = {isa = PBXFileReference; lastKnownFileType = sourcecode.swift; path = JourneyProgressEvent.swift; sourceTree = "<group>"; };
		98D5C2E1302B2A8288334BB5 /* JourneyCreationPolicy.swift */ = {isa = PBXFileReference; lastKnownFileType = sourcecode.swift; path = JourneyCreationPolicy.swift; sourceTree = "<group>"; };
		9AE3E9FB55CEAC85D7B7141E /* AIContentClient.swift */ = {isa = PBXFileReference; lastKnownFileType = sourcecode.swift; path = AIContentClient.swift; sourceTree = "<group>"; };
		9E560EDBC080FF490EE1845A /* PlusJakartaSans-VariableFont_wght.ttf */ = {isa = PBXFileReference; lastKnownFileType = file; path = "PlusJakartaSans-VariableFont_wght.ttf"; sourceTree = "<group>"; };
		9EC52B5B7CFE50833A3B6D93 /* Assets.xcassets */ = {isa = PBXFileReference; lastKnownFileType = folder.assetcatalog; path = Assets.xcassets; sourceTree = "<group>"; };
		A13FD313E3C771FC635DE56B /* OnboardingIntroLoopView.swift */ = {isa = PBXFileReference; lastKnownFileType = sourcecode.swift; path = OnboardingIntroLoopView.swift; sourceTree = "<group>"; };
		A7A4B130ACEBCB4AB4BC4E74 /* AnalyticsService.swift */ = {isa = PBXFileReference; lastKnownFileType = sourcecode.swift; path = AnalyticsService.swift; sourceTree = "<group>"; };
		A8DB2D76A1B4E2BE93383E35 /* ScriptureReferenceValidator.swift */ = {isa = PBXFileReference; lastKnownFileType = sourcecode.swift; path = ScriptureReferenceValidator.swift; sourceTree = "<group>"; };
		B1A2A9E1E169A3CEC209A553 /* JourneyMemoryService.swift */ = {isa = PBXFileReference; lastKnownFileType = sourcecode.swift; path = JourneyMemoryService.swift; sourceTree = "<group>"; };
		B2EFC8C26F46586DC9839157 /* PlusJakartaSans-Regular.ttf */ = {isa = PBXFileReference; lastKnownFileType = file; path = "PlusJakartaSans-Regular.ttf"; sourceTree = "<group>"; };
		B22B0C1D2E3F405162738490 /* AppLanguage.swift */ = {isa = PBXFileReference; lastKnownFileType = sourcecode.swift; path = AppLanguage.swift; sourceTree = "<group>"; };
		B22B0C1D2E3F405162738491 /* Localization.swift */ = {isa = PBXFileReference; lastKnownFileType = sourcecode.swift; path = Localization.swift; sourceTree = "<group>"; };
		B22B0C1D2E3F405162738492 /* Localizable.strings */ = {isa = PBXFileReference; lastKnownFileType = text.plist.strings; path = Localizable.strings; sourceTree = "<group>"; };
		B22B0C1D2E3F405162738493 /* Localizable.strings */ = {isa = PBXFileReference; lastKnownFileType = text.plist.strings; path = Localizable.strings; sourceTree = "<group>"; };
		B5830B39F0DDAA2B30FD513E /* AnsweredPrayer.swift */ = {isa = PBXFileReference; lastKnownFileType = sourcecode.swift; path = AnsweredPrayer.swift; sourceTree = "<group>"; };
		B8C4ACA99A63A5F12C93E33E /* NotificationService.swift */ = {isa = PBXFileReference; lastKnownFileType = sourcecode.swift; path = NotificationService.swift; sourceTree = "<group>"; };
		B939084435BDDCC5A7C61259 /* WidgetSyncService.swift */ = {isa = PBXFileReference; lastKnownFileType = sourcecode.swift; path = WidgetSyncService.swift; sourceTree = "<group>"; };
		B9608BFA6D4B1C870BF08533 /* Release.xcconfig */ = {isa = PBXFileReference; lastKnownFileType = text.xcconfig; path = Release.xcconfig; sourceTree = "<group>"; };
		BBC2416B321B36D99A5216EC /* PlusJakartaSans-ExtraBold.ttf */ = {isa = PBXFileReference; lastKnownFileType = file; path = "PlusJakartaSans-ExtraBold.ttf"; sourceTree = "<group>"; };
		BBE3FF48D5DD404041C9E583 /* notifications.png */ = {isa = PBXFileReference; lastKnownFileType = image.png; path = notifications.png; sourceTree = "<group>"; };
		BF31E8DF66CA451D78D50358 /* PlusJakartaSans-ExtraLight.ttf */ = {isa = PBXFileReference; lastKnownFileType = file; path = "PlusJakartaSans-ExtraLight.ttf"; sourceTree = "<group>"; };
		D0429D8BACD93FE60BEBB3C5 /* FollowThroughService.swift */ = {isa = PBXFileReference; lastKnownFileType = sourcecode.swift; path = FollowThroughService.swift; sourceTree = "<group>"; };
		D27A49345B9892A16501131B /* WalkWorthyTests.swift */ = {isa = PBXFileReference; lastKnownFileType = sourcecode.swift; path = WalkWorthyTests.swift; sourceTree = "<group>"; };
		D44C9117DA82D3B52145C051 /* PlusJakartaSans-Bold.ttf */ = {isa = PBXFileReference; lastKnownFileType = file; path = "PlusJakartaSans-Bold.ttf"; sourceTree = "<group>"; };
		D4C76214751E216C030850F5 /* .gitkeep */ = {isa = PBXFileReference; lastKnownFileType = text; path = .gitkeep; sourceTree = "<group>"; };
		D541DE913A89AD8985A65903 /* WalkWorthy.entitlements */ = {isa = PBXFileReference; lastKnownFileType = text.plist.entitlements; path = WalkWorthy.entitlements; sourceTree = "<group>"; };
		D85440638830873F6D000ECB /* PaywallMode.swift */ = {isa = PBXFileReference; lastKnownFileType = sourcecode.swift; path = PaywallMode.swift; sourceTree = "<group>"; };
		DB07E183E2A2DD654A33A79E /* Assets.xcassets */ = {isa = PBXFileReference; lastKnownFileType = folder.assetcatalog; path = Assets.xcassets; sourceTree = "<group>"; };
		DB37E26A0705A98D2F4CBD96 /* HomeView.swift */ = {isa = PBXFileReference; lastKnownFileType = sourcecode.swift; path = HomeView.swift; sourceTree = "<group>"; };
		DBD2904E8777C3D4970D4627 /* FirstTendFlowOrchestrator.swift */ = {isa = PBXFileReference; lastKnownFileType = sourcecode.swift; path = FirstTendFlowOrchestrator.swift; sourceTree = "<group>"; };
		DC3DAB04A87EE0C4FC2B75B2 /* iphone_notifications.png */ = {isa = PBXFileReference; lastKnownFileType = image.png; path = iphone_notifications.png; sourceTree = "<group>"; };
		DF4DB861E074B997695B68A9 /* PlusJakartaSans-ExtraLightItalic.ttf */ = {isa = PBXFileReference; lastKnownFileType = file; path = "PlusJakartaSans-ExtraLightItalic.ttf"; sourceTree = "<group>"; };
		DF6340BAF3FDCC36BFA86FFC /* PlusJakartaSans-SemiBoldItalic.ttf */ = {isa = PBXFileReference; lastKnownFileType = file; path = "PlusJakartaSans-SemiBoldItalic.ttf"; sourceTree = "<group>"; };
		E9774447A31BEB96034311EB /* WWTypography.swift */ = {isa = PBXFileReference; lastKnownFileType = sourcecode.swift; path = WWTypography.swift; sourceTree = "<group>"; };
		E9BE96BA556199B9A68001F7 /* TendSnapshotWidget.swift */ = {isa = PBXFileReference; lastKnownFileType = sourcecode.swift; path = TendSnapshotWidget.swift; sourceTree = "<group>"; };
		EC4C2A74FEC61E8A900B2067 /* PlusJakartaSans-Medium.ttf */ = {isa = PBXFileReference; lastKnownFileType = file; path = "PlusJakartaSans-Medium.ttf"; sourceTree = "<group>"; };
		F54DDACB6A90056567E5D567 /* WWComponents.swift */ = {isa = PBXFileReference; lastKnownFileType = sourcecode.swift; path = WWComponents.swift; sourceTree = "<group>"; };
		F5AD54D24D097DEF6ADC66BD /* TendWidgets.entitlements */ = {isa = PBXFileReference; lastKnownFileType = text.plist.entitlements; path = TendWidgets.entitlements; sourceTree = "<group>"; };
		F79139B1B772C8438407A86D /* OnboardingFlowView.swift */ = {isa = PBXFileReference; lastKnownFileType = sourcecode.swift; path = OnboardingFlowView.swift; sourceTree = "<group>"; };
		F806B97A5D01C7B72D4FCDA1 /* PlusJakartaSans-Light.ttf */ = {isa = PBXFileReference; lastKnownFileType = file; path = "PlusJakartaSans-Light.ttf"; sourceTree = "<group>"; };
		FA7B6A0683729FE4EC039BE9 /* OnboardingIntroLoop.mov */ = {isa = PBXFileReference; lastKnownFileType = video.quicktime; path = OnboardingIntroLoop.mov; sourceTree = "<group>"; };
		FB6619712AC943B05F298276 /* JournalView.swift */ = {isa = PBXFileReference; lastKnownFileType = sourcecode.swift; path = JournalView.swift; sourceTree = "<group>"; };
/* End PBXFileReference section */

/* Begin PBXFrameworksBuildPhase section */
		8D7439073782D6B9F6C20CA4 /* Frameworks */ = {
			isa = PBXFrameworksBuildPhase;
			buildActionMask = 2147483647;
			files = (
				005BA037BF7638B7ECBF212A /* RevenueCat in Frameworks */,
			);
			runOnlyForDeploymentPostprocessing = 0;
		};
/* End PBXFrameworksBuildPhase section */

/* Begin PBXGroup section */
		0EFB6244D13472966BAD4E52 /* Paywall */ = {
			isa = PBXGroup;
			children = (
				52AA0E3967F94C0E2BBC3633 /* PaywallView.swift */,
			);
			path = Paywall;
			sourceTree = "<group>";
		};
		1CBECFDFD59BEDA4BDF4F87C /* Features */ = {
			isa = PBXGroup;
			children = (
				570665BB89E9F1F200CFA354 /* Home */,
				DE1CAF8C670B44600ED44932 /* Journal */,
				9DA3B66EB6C19EAD26D36350 /* Onboarding */,
				0EFB6244D13472966BAD4E52 /* Paywall */,
				57A576C688E2A716F48C9A8B /* Settings */,
			);
			path = Features;
			sourceTree = "<group>";
		};
		27EA7A2B062FCFE7DA8C084E /* Products */ = {
			isa = PBXGroup;
			children = (
				3BDE2C35A4FFC142B923B499 /* TendWidgets.appex */,
				71A7780527BA0ABC44FF3F34 /* Tend.app */,
				16E856243CDE0AD2E5949B12 /* WalkWorthyTests.xctest */,
				21DB08E0092A4010FEA21A33 /* WalkWorthyUITests.xctest */,
			);
			name = Products;
			sourceTree = "<group>";
		};
		318114E0EBBF7A19D4F267C9 /* Policies */ = {
			isa = PBXGroup;
			children = (
				98D5C2E1302B2A8288334BB5 /* JourneyCreationPolicy.swift */,
				0832666F09D4C16B2C21B2E2 /* MonetizationPolicy.swift */,
			);
			path = Policies;
			sourceTree = "<group>";
		};
		31CB5FF209B13744C4EFCE9F /* Analytics */ = {
			isa = PBXGroup;
			children = (
				A7A4B130ACEBCB4AB4BC4E74 /* AnalyticsService.swift */,
				3D48393349D27833737CC06E /* OnboardingExperimentService.swift */,
			);
			path = Analytics;
			sourceTree = "<group>";
		};
		368A926175A43136E1EE9B68 /* BrandAssets */ = {
			isa = PBXGroup;
			children = (
				FBFA97478F15484BF47DA628 /* Fonts */,
				D13EAD956A1858D9A121EB24 /* Icons */,
				C687CC117DD4D10F3AB33061 /* Logos */,
				F6ECDCC050AA0F150C71EA9A /* Videos */,
			);
			path = BrandAssets;
			sourceTree = "<group>";
		};
		3B9197A37CF6C570C630B067 /* Milestones */ = {
			isa = PBXGroup;
			children = (
				DBD2904E8777C3D4970D4627 /* FirstTendFlowOrchestrator.swift */,
				29670347EE240F97A3BBA1C2 /* FirstTendMilestoneService.swift */,
			);
			path = Milestones;
			sourceTree = "<group>";
		};
		4750F3C830B43CA714678F10 /* WalkWorthyTests */ = {
			isa = PBXGroup;
			children = (
				D27A49345B9892A16501131B /* WalkWorthyTests.swift */,
			);
			path = WalkWorthyTests;
			sourceTree = "<group>";
		};
		4A390401E343FB7F55256A30 /* Models */ = {
			isa = PBXGroup;
			children = (
				B5830B39F0DDAA2B30FD513E /* AnsweredPrayer.swift */,
				067C7842AD275F8263788578 /* AppSettings.swift */,
				45CC96598F9FBD3113FD15E4 /* DailyJourneyPackageRecord.swift */,
				8A4E6FF365BF6ECAA188B2A2 /* HomeBackgroundTheme.swift */,
				6255A6EBC3857B96426C60EC /* JourneyMemorySnapshot.swift */,
				95EFD7CBA662617AA7C61694 /* JourneyProgressEvent.swift */,
				7A5443904D4F17D5CBA711B3 /* OnboardingProfile.swift */,
				0A4CD94872187AAA242E7115 /* PrayerEntry.swift */,
				68C70184C4C4518128D5846F /* PrayerJourney.swift */,
				923457764642489140D6255D /* ReminderSchedule.swift */,
			);
			path = Models;
			sourceTree = "<group>";
		};
		570665BB89E9F1F200CFA354 /* Home */ = {
			isa = PBXGroup;
			children = (
				DB37E26A0705A98D2F4CBD96 /* HomeView.swift */,
			);
			path = Home;
			sourceTree = "<group>";
		};
		57A576C688E2A716F48C9A8B /* Settings */ = {
			isa = PBXGroup;
			children = (
				29C72E46496A1ABD75C2404A /* SettingsView.swift */,
			);
			path = Settings;
			sourceTree = "<group>";
		};
		5DB9BA9E5FAB953725E0139E /* WalkWorthyUITests */ = {
			isa = PBXGroup;
			children = (
				72C18C8E45D3B58226D593CA /* WalkWorthyUITests.swift */,
			);
			path = WalkWorthyUITests;
			sourceTree = "<group>";
		};
		5DBA069CACA885EB19812BDA /* Domain */ = {
			isa = PBXGroup;
			children = (
				4A390401E343FB7F55256A30 /* Models */,
				318114E0EBBF7A19D4F267C9 /* Policies */,
			);
			path = Domain;
			sourceTree = "<group>";
		};
		66DCA11180A03B3374A761D3 /* Monetization */ = {
			isa = PBXGroup;
			children = (
				D85440638830873F6D000ECB /* PaywallMode.swift */,
				8749975FC64A74D869B254EB /* SubscriptionService.swift */,
			);
			path = Monetization;
			sourceTree = "<group>";
		};
		66E56BD7248BE0F90EFA42C5 /* Resources */ = {
			isa = PBXGroup;
			children = (
				9EC52B5B7CFE50833A3B6D93 /* Assets.xcassets */,
				45B475F4494B399013766BBD /* Info.plist */,
				D541DE913A89AD8985A65903 /* WalkWorthy.entitlements */,
				C33C0D1E2F30415263748490 /* en.lproj */,
				C33C0D1E2F30415263748491 /* es.lproj */,
				368A926175A43136E1EE9B68 /* BrandAssets */,
			);
			path = Resources;
			sourceTree = "<group>";
		};
		C33C0D1E2F30415263748490 /* en.lproj */ = {
			isa = PBXGroup;
			children = (
				B22B0C1D2E3F405162738492 /* Localizable.strings */,
			);
			path = en.lproj;
			sourceTree = "<group>";
		};
		C33C0D1E2F30415263748491 /* es.lproj */ = {
			isa = PBXGroup;
			children = (
				B22B0C1D2E3F405162738493 /* Localizable.strings */,
			);
			path = es.lproj;
			sourceTree = "<group>";
		};
		6A85BFCA8AEEB5CBA0D4059E /* DesignSystem */ = {
			isa = PBXGroup;
			children = (
				77EC2817706030DE811C7189 /* WWColor.swift */,
				F54DDACB6A90056567E5D567 /* WWComponents.swift */,
				E9774447A31BEB96034311EB /* WWTypography.swift */,
			);
			path = DesignSystem;
			sourceTree = "<group>";
		};
		740DACA97BC1477AC31C97C8 /* Content */ = {
			isa = PBXGroup;
			children = (
				9AE3E9FB55CEAC85D7B7141E /* AIContentClient.swift */,
				79C0D15557C5C992BA0F0040 /* BackendDailyJourneyPackageProvider.swift */,
				5BD8EB66D447FC5512ED3AA9 /* DailyJourneyPackage.swift */,
				D0429D8BACD93FE60BEBB3C5 /* FollowThroughService.swift */,
				3CC407782E281A614393C914 /* JourneyContentService.swift */,
				B1A2A9E1E169A3CEC209A553 /* JourneyMemoryService.swift */,
				5222DE8FB9CBEAC9CB97F58F /* JourneyProgressService.swift */,
				A8DB2D76A1B4E2BE93383E35 /* ScriptureReferenceValidator.swift */,
				6A01BFFC55578F2BA6469432 /* TemplateTodayCardGenerator.swift */,
				2876CDB2AFB3C4155991256F /* TodayCard.swift */,
			);
			path = Content;
			sourceTree = "<group>";
		};
		76C4B328F281B7CFCED0C06A /* Widget */ = {
			isa = PBXGroup;
			children = (
				B939084435BDDCC5A7C61259 /* WidgetSyncService.swift */,
			);
			path = Widget;
			sourceTree = "<group>";
		};
		8C6D762F0BA8AD238D52129C /* Widget */ = {
			isa = PBXGroup;
			children = (
				3CF14F540D34F66BFE119FB4 /* TendWidgetSnapshot.swift */,
			);
			path = Widget;
			sourceTree = "<group>";
		};
		96562932F42C44DB58C802BC /* App */ = {
			isa = PBXGroup;
			children = (
				7F31C623BA3D2509776849C8 /* MainTabView.swift */,
				8EB51F91B80B206B0A04EE75 /* RootView.swift */,
				1E56FA0FD64E48866B2E48AB /* WalkWorthyApp.swift */,
			);
			path = App;
			sourceTree = "<group>";
		};
		9DA3B66EB6C19EAD26D36350 /* Onboarding */ = {
			isa = PBXGroup;
			children = (
				8ABB7957D6198E019310BD03 /* ExperimentalOnboardingFlowView.swift */,
				F79139B1B772C8438407A86D /* OnboardingFlowView.swift */,
				A13FD313E3C771FC635DE56B /* OnboardingIntroLoopView.swift */,
			);
			path = Onboarding;
			sourceTree = "<group>";
		};
		9E6234BEE6EB10906B47FB4D /* WalkWorthy */ = {
			isa = PBXGroup;
			children = (
				96562932F42C44DB58C802BC /* App */,
				6A85BFCA8AEEB5CBA0D4059E /* DesignSystem */,
				5DBA069CACA885EB19812BDA /* Domain */,
				1CBECFDFD59BEDA4BDF4F87C /* Features */,
				66E56BD7248BE0F90EFA42C5 /* Resources */,
				E348231B7D1B60EAFB48412C /* Services */,
				EA65D5DC54979C960C926ACB /* Shared */,
			);
			path = WalkWorthy;
			sourceTree = "<group>";
		};
		B332DC70F1E0A9ED67634B37 /* Config */ = {
			isa = PBXGroup;
			children = (
				2055B564ED7F395B4B9C093F /* Debug.xcconfig */,
				B9608BFA6D4B1C870BF08533 /* Release.xcconfig */,
			);
			path = Config;
			sourceTree = "<group>";
		};
		C687CC117DD4D10F3AB33061 /* Logos */ = {
			isa = PBXGroup;
			children = (
				5588915278F314EF030E71D6 /* .gitkeep */,
			);
			path = Logos;
			sourceTree = "<group>";
		};
		CD5D97978A6B00D5BA866EF0 = {
			isa = PBXGroup;
			children = (
				B332DC70F1E0A9ED67634B37 /* Config */,
				D6CF60AE5A52525975FDF76E /* TendWidgets */,
				9E6234BEE6EB10906B47FB4D /* WalkWorthy */,
				4750F3C830B43CA714678F10 /* WalkWorthyTests */,
				5DB9BA9E5FAB953725E0139E /* WalkWorthyUITests */,
				27EA7A2B062FCFE7DA8C084E /* Products */,
			);
			sourceTree = "<group>";
		};
		D13EAD956A1858D9A121EB24 /* Icons */ = {
			isa = PBXGroup;
			children = (
				5B6A33F3980DEECE858DBDEA /* .gitkeep */,
				DC3DAB04A87EE0C4FC2B75B2 /* iphone_notifications.png */,
				51F84D3407F135FDCC04C988 /* notification_card_1.png */,
				6B142C2B1B2FF4743FEC1D87 /* notification_card_2.png */,
				BBE3FF48D5DD404041C9E583 /* notifications.png */,
				6C6499656B7905EBB3F8AAEF /* notifications.svg */,
				32553731CDFE3AD38F36B43E /* reminders_transparent_light_mode.png */,
				6A0821535CE0A5451BB3857D /* reminders_transparent_light_mode.svg */,
			);
			path = Icons;
			sourceTree = "<group>";
		};
		D6CF60AE5A52525975FDF76E /* TendWidgets */ = {
			isa = PBXGroup;
			children = (
				DB07E183E2A2DD654A33A79E /* Assets.xcassets */,
				0AA24D8AF2FCDF14CC83285E /* Info.plist */,
				E9BE96BA556199B9A68001F7 /* TendSnapshotWidget.swift */,
				F5AD54D24D097DEF6ADC66BD /* TendWidgets.entitlements */,
				24EA82BC822880A1EDA0356B /* TendWidgetsBundle.swift */,
			);
			path = TendWidgets;
			sourceTree = "<group>";
		};
		DD308E99B607DC6718A40DFC /* Notifications */ = {
			isa = PBXGroup;
			children = (
				B8C4ACA99A63A5F12C93E33E /* NotificationService.swift */,
			);
			path = Notifications;
			sourceTree = "<group>";
		};
		DE1CAF8C670B44600ED44932 /* Journal */ = {
			isa = PBXGroup;
			children = (
				FB6619712AC943B05F298276 /* JournalView.swift */,
			);
			path = Journal;
			sourceTree = "<group>";
		};
		E348231B7D1B60EAFB48412C /* Services */ = {
			isa = PBXGroup;
			children = (
				31CB5FF209B13744C4EFCE9F /* Analytics */,
				740DACA97BC1477AC31C97C8 /* Content */,
				3B9197A37CF6C570C630B067 /* Milestones */,
				66DCA11180A03B3374A761D3 /* Monetization */,
				DD308E99B607DC6718A40DFC /* Notifications */,
				76C4B328F281B7CFCED0C06A /* Widget */,
			);
			path = Services;
			sourceTree = "<group>";
		};
		EA65D5DC54979C960C926ACB /* Shared */ = {
			isa = PBXGroup;
			children = (
				172AE255F96BEAD1C99935CE /* AppConstants.swift */,
				B22B0C1D2E3F405162738490 /* AppLanguage.swift */,
				407AE85D47F5E96675BBDF1F /* ConnectivityService.swift */,
				B22B0C1D2E3F405162738491 /* Localization.swift */,
				8C6D762F0BA8AD238D52129C /* Widget */,
			);
			path = Shared;
			sourceTree = "<group>";
		};
		F6ECDCC050AA0F150C71EA9A /* Videos */ = {
			isa = PBXGroup;
			children = (
				FA7B6A0683729FE4EC039BE9 /* OnboardingIntroLoop.mov */,
			);
			path = Videos;
			sourceTree = "<group>";
		};
		FBFA97478F15484BF47DA628 /* Fonts */ = {
			isa = PBXGroup;
			children = (
				D4C76214751E216C030850F5 /* .gitkeep */,
				6BD6B32111863921BFC4C9ED /* Inter-Variable.ttf */,
				D44C9117DA82D3B52145C051 /* PlusJakartaSans-Bold.ttf */,
				80300270996D16A15C471F4F /* PlusJakartaSans-BoldItalic.ttf */,
				BBC2416B321B36D99A5216EC /* PlusJakartaSans-ExtraBold.ttf */,
				8D90D17527B3E2DCA2B1CD34 /* PlusJakartaSans-ExtraBoldItalic.ttf */,
				BF31E8DF66CA451D78D50358 /* PlusJakartaSans-ExtraLight.ttf */,
				DF4DB861E074B997695B68A9 /* PlusJakartaSans-ExtraLightItalic.ttf */,
				3C8C2C6781D5FCE72FA779A0 /* PlusJakartaSans-Italic-VariableFont_wght.ttf */,
				709EF61D7C9C0E66F5683CC2 /* PlusJakartaSans-Italic.ttf */,
				F806B97A5D01C7B72D4FCDA1 /* PlusJakartaSans-Light.ttf */,
				649A8F9F71F1C4121DCBC5F5 /* PlusJakartaSans-LightItalic.ttf */,
				EC4C2A74FEC61E8A900B2067 /* PlusJakartaSans-Medium.ttf */,
				1BAD6D0F5F858145877B1D02 /* PlusJakartaSans-MediumItalic.ttf */,
				B2EFC8C26F46586DC9839157 /* PlusJakartaSans-Regular.ttf */,
				5AE90E4D7EF0D60B6AD3EB45 /* PlusJakartaSans-SemiBold.ttf */,
				DF6340BAF3FDCC36BFA86FFC /* PlusJakartaSans-SemiBoldItalic.ttf */,
				9E560EDBC080FF490EE1845A /* PlusJakartaSans-VariableFont_wght.ttf */,
			);
			path = Fonts;
			sourceTree = "<group>";
		};
/* End PBXGroup section */

/* Begin PBXNativeTarget section */
		2DE814EBA55CC1EC74BB26A5 /* TendWidgets */ = {
			isa = PBXNativeTarget;
			buildConfigurationList = 689FA77CC173200698E1FE4A /* Build configuration list for PBXNativeTarget "TendWidgets" */;
			buildPhases = (
				65832874819E8C5AB196812F /* Sources */,
				AF06D033CF36CCB1EA359D9C /* Resources */,
			);
			buildRules = (
			);
			dependencies = (
			);
			name = TendWidgets;
			packageProductDependencies = (
			);
			productName = TendWidgets;
			productReference = 3BDE2C35A4FFC142B923B499 /* TendWidgets.appex */;
			productType = "com.apple.product-type.app-extension";
		};
		871EDCD1D05CEFDD5E31D750 /* WalkWorthyTests */ = {
			isa = PBXNativeTarget;
			buildConfigurationList = CEEF720F046C4468A8AB2E3F /* Build configuration list for PBXNativeTarget "WalkWorthyTests" */;
			buildPhases = (
				CF9F648158BC721B52C01674 /* Sources */,
			);
			buildRules = (
			);
			dependencies = (
				9578443241014D76C2E6CA17 /* PBXTargetDependency */,
			);
			name = WalkWorthyTests;
			packageProductDependencies = (
			);
			productName = WalkWorthyTests;
			productReference = 16E856243CDE0AD2E5949B12 /* WalkWorthyTests.xctest */;
			productType = "com.apple.product-type.bundle.unit-test";
		};
		A4A128BA68DAE26FC4D77D2B /* WalkWorthyUITests */ = {
			isa = PBXNativeTarget;
			buildConfigurationList = D8C5379047BD34B38B10622C /* Build configuration list for PBXNativeTarget "WalkWorthyUITests" */;
			buildPhases = (
				88C23F81BAC6DEA7590AACA1 /* Sources */,
			);
			buildRules = (
			);
			dependencies = (
				116CC105BFBBF91A590C0062 /* PBXTargetDependency */,
			);
			name = WalkWorthyUITests;
			packageProductDependencies = (
			);
			productName = WalkWorthyUITests;
			productReference = 21DB08E0092A4010FEA21A33 /* WalkWorthyUITests.xctest */;
			productType = "com.apple.product-type.bundle.ui-testing";
		};
		EB4F0D91A7B3CFC6CB4570F5 /* WalkWorthy */ = {
			isa = PBXNativeTarget;
			buildConfigurationList = 64D590854C0CC09815C618EB /* Build configuration list for PBXNativeTarget "WalkWorthy" */;
			buildPhases = (
				9B3DDB6BFAF53338BA31C5FE /* Sources */,
				DD99A42A65D7094780131643 /* Resources */,
				8D7439073782D6B9F6C20CA4 /* Frameworks */,
				2D1C921DBCA5CDAB50EF1FF0 /* Embed Foundation Extensions */,
			);
			buildRules = (
			);
			dependencies = (
				AEBC49C57CF6E1DC682360B4 /* PBXTargetDependency */,
			);
			name = WalkWorthy;
			packageProductDependencies = (
				81D082D7DC3EECFB45809889 /* RevenueCat */,
			);
			productName = WalkWorthy;
			productReference = 71A7780527BA0ABC44FF3F34 /* Tend.app */;
			productType = "com.apple.product-type.application";
		};
/* End PBXNativeTarget section */

/* Begin PBXProject section */
		92C4E3B6387D78F94278068A /* Project object */ = {
			isa = PBXProject;
			attributes = {
				BuildIndependentTargetsInParallel = YES;
				LastUpgradeCheck = 1430;
				TargetAttributes = {
					2DE814EBA55CC1EC74BB26A5 = {
						ProvisioningStyle = Automatic;
					};
					A4A128BA68DAE26FC4D77D2B = {
						TestTargetID = EB4F0D91A7B3CFC6CB4570F5;
					};
					EB4F0D91A7B3CFC6CB4570F5 = {
						ProvisioningStyle = Automatic;
					};
				};
			};
			buildConfigurationList = A98DAE117DD075D933645AD0 /* Build configuration list for PBXProject "WalkWorthy" */;
			developmentRegion = en;
			hasScannedForEncodings = 0;
			knownRegions = (
				Base,
				en,
			);
			mainGroup = CD5D97978A6B00D5BA866EF0;
			minimizedProjectReferenceProxies = 1;
			packageReferences = (
				F669AA0D710A506C6976B480 /* XCRemoteSwiftPackageReference "purchases-ios" */,
			);
			preferredProjectObjectVersion = 77;
			productRefGroup = 27EA7A2B062FCFE7DA8C084E /* Products */;
			projectDirPath = "";
			projectRoot = "";
			targets = (
				2DE814EBA55CC1EC74BB26A5 /* TendWidgets */,
				EB4F0D91A7B3CFC6CB4570F5 /* WalkWorthy */,
				871EDCD1D05CEFDD5E31D750 /* WalkWorthyTests */,
				A4A128BA68DAE26FC4D77D2B /* WalkWorthyUITests */,
			);
		};
/* End PBXProject section */

/* Begin PBXResourcesBuildPhase section */
		AF06D033CF36CCB1EA359D9C /* Resources */ = {
			isa = PBXResourcesBuildPhase;
			buildActionMask = 2147483647;
			files = (
				71971C655D020892B6150C70 /* Assets.xcassets in Resources */,
			);
			runOnlyForDeploymentPostprocessing = 0;
		};
		DD99A42A65D7094780131643 /* Resources */ = {
			isa = PBXResourcesBuildPhase;
			buildActionMask = 2147483647;
			files = (
				64FE2BCF472740B974D56799 /* Assets.xcassets in Resources */,
				A11A0B1C2D3E4F5061728392 /* Localizable.strings in Resources */,
				A11A0B1C2D3E4F5061728393 /* Localizable.strings in Resources */,
				01CBF2020F395B4028383279 /* Inter-Variable.ttf in Resources */,
				D2DB76ABD73D2942A56033FC /* OnboardingIntroLoop.mov in Resources */,
				5BE6A5BD13AC9BF62C9790DF /* PlusJakartaSans-Bold.ttf in Resources */,
				1ECFB12054E159B11F7D2B8E /* PlusJakartaSans-BoldItalic.ttf in Resources */,
				2FDA485F2271C1D674765BE5 /* PlusJakartaSans-ExtraBold.ttf in Resources */,
				5CA6070FEB39CE88880CFAE8 /* PlusJakartaSans-ExtraBoldItalic.ttf in Resources */,
				44A7BA008D034E7BFD20317A /* PlusJakartaSans-ExtraLight.ttf in Resources */,
				1A278E1590AD116A80C99220 /* PlusJakartaSans-ExtraLightItalic.ttf in Resources */,
				7EA130D42FACD7FD2FA42FDB /* PlusJakartaSans-Italic-VariableFont_wght.ttf in Resources */,
				7623E0EE0B7758143CE21CC7 /* PlusJakartaSans-Italic.ttf in Resources */,
				1A1DA0DD9888567EFD508519 /* PlusJakartaSans-Light.ttf in Resources */,
				9539B09CAD4BB0763B6E637E /* PlusJakartaSans-LightItalic.ttf in Resources */,
				B06D8C4642A14B35226E8742 /* PlusJakartaSans-Medium.ttf in Resources */,
				EE2F2488E5666B3F15FB2BF8 /* PlusJakartaSans-MediumItalic.ttf in Resources */,
				33CB4471A808255036D68AA8 /* PlusJakartaSans-Regular.ttf in Resources */,
				87948FD446BAEF00A3166557 /* PlusJakartaSans-SemiBold.ttf in Resources */,
				16C8F6A4F09C90CC81365482 /* PlusJakartaSans-SemiBoldItalic.ttf in Resources */,
				E63E9832B1C2C450FF353157 /* PlusJakartaSans-VariableFont_wght.ttf in Resources */,
				E004F2DC61854E4C626BCFC8 /* iphone_notifications.png in Resources */,
				906921FF1F8246FBBE35E5CE /* notification_card_1.png in Resources */,
				4751C09A808B9C299E6B1779 /* notification_card_2.png in Resources */,
				FD58A773E561767184330C7E /* notifications.png in Resources */,
				DA61263596DFF2BD44567C0E /* notifications.svg in Resources */,
				47B5A900E5F6661FEFF8856F /* reminders_transparent_light_mode.png in Resources */,
				2B9DBC262DBDF9B0AE6A5232 /* reminders_transparent_light_mode.svg in Resources */,
			);
			runOnlyForDeploymentPostprocessing = 0;
		};
/* End PBXResourcesBuildPhase section */

/* Begin PBXSourcesBuildPhase section */
		65832874819E8C5AB196812F /* Sources */ = {
			isa = PBXSourcesBuildPhase;
			buildActionMask = 2147483647;
			files = (
				ED30A782AFD46FE0071FEA9F /* AppConstants.swift in Sources */,
				43636AD8111A18ECE9277E40 /* TendSnapshotWidget.swift in Sources */,
				8CA4B1A9C7396E040A9321E4 /* TendWidgetSnapshot.swift in Sources */,
				6E605DB051E2B681E90F81DF /* TendWidgetsBundle.swift in Sources */,
				8200B397463F6C3A65417734 /* WWColor.swift in Sources */,
				437E1C0B4BE5E049A33DCBC5 /* WWTypography.swift in Sources */,
			);
			runOnlyForDeploymentPostprocessing = 0;
		};
		88C23F81BAC6DEA7590AACA1 /* Sources */ = {
			isa = PBXSourcesBuildPhase;
			buildActionMask = 2147483647;
			files = (
				6DA808153C772979C9BFC96E /* WalkWorthyUITests.swift in Sources */,
			);
			runOnlyForDeploymentPostprocessing = 0;
		};
		9B3DDB6BFAF53338BA31C5FE /* Sources */ = {
			isa = PBXSourcesBuildPhase;
			buildActionMask = 2147483647;
			files = (
				74BEE2D083823252DAEC838E /* AIContentClient.swift in Sources */,
				B2300037A90BBC365CE88158 /* AnalyticsService.swift in Sources */,
				D4E5ABA5A6C53F7539D6E65E /* AnsweredPrayer.swift in Sources */,
				9DF34333BB816EB5989CBAE1 /* AppConstants.swift in Sources */,
				A11A0B1C2D3E4F5061728390 /* AppLanguage.swift in Sources */,
				3199710076C72D9AE653E90A /* AppSettings.swift in Sources */,
				16BF2B30791EFC9C34CBD405 /* BackendDailyJourneyPackageProvider.swift in Sources */,
				B866044E4E3BA553614C3A0C /* ConnectivityService.swift in Sources */,
				911F081CDC31FE8B266C59F8 /* DailyJourneyPackage.swift in Sources */,
				E24503D858F0834E942FBCC9 /* DailyJourneyPackageRecord.swift in Sources */,
				1FC05C2B62BFB292D25C7167 /* ExperimentalOnboardingFlowView.swift in Sources */,
				CBBFB75D1DDF3A55053F9842 /* FirstTendFlowOrchestrator.swift in Sources */,
				EF15F0BDA42F6D85014EE037 /* FirstTendMilestoneService.swift in Sources */,
				DAE4914F8092A7D9E24D07A2 /* FollowThroughService.swift in Sources */,
				A9FD005BC1FAA4338022BA92 /* HomeBackgroundTheme.swift in Sources */,
				5387EFE0FD2E8C75433EAA7C /* HomeView.swift in Sources */,
				ECF7BC7A72E8B3A915F59B7A /* JournalView.swift in Sources */,
				79A3357C815397FC26E9E94B /* JourneyContentService.swift in Sources */,
				383F7E1B05C71C2E7CCD29B5 /* JourneyCreationPolicy.swift in Sources */,
				6628BAC2E67194F4A4C70F6F /* JourneyMemoryService.swift in Sources */,
				375C0753F5A86193369F7AA6 /* JourneyMemorySnapshot.swift in Sources */,
				DA6305B6B75E5CA401F6A649 /* JourneyProgressEvent.swift in Sources */,
				C7EC052CA8D9DA46E0E083D3 /* JourneyProgressService.swift in Sources */,
				A11A0B1C2D3E4F5061728391 /* Localization.swift in Sources */,
				3AAF3F5520EE1467BEA0B6EB /* MainTabView.swift in Sources */,
				1AFDE0F5A523F91987C0FB90 /* MonetizationPolicy.swift in Sources */,
				1B650A76D634085C5D64680C /* NotificationService.swift in Sources */,
				B6EDAFD127167F049EDF9A00 /* OnboardingExperimentService.swift in Sources */,
				C37B71AE9BCE672E42CDD5B3 /* OnboardingFlowView.swift in Sources */,
				7822E4FF77F20F5213F1E19F /* OnboardingIntroLoopView.swift in Sources */,
				189BA4F4BB9134F3F6C5401C /* OnboardingProfile.swift in Sources */,
				9F38332331CFDF0711F98909 /* PaywallMode.swift in Sources */,
				13BD91DFBDE51D78A9397315 /* PaywallView.swift in Sources */,
				DD3344D858564BC3BEB2A652 /* PrayerEntry.swift in Sources */,
				185A5FF8B5C2EE873B98F80B /* PrayerJourney.swift in Sources */,
				5BCF17212904208949D5681D /* ReminderSchedule.swift in Sources */,
				53A9F43F95524E37691716A5 /* RootView.swift in Sources */,
				16D814679C281C30AA2C119D /* ScriptureReferenceValidator.swift in Sources */,
				4668744C40658B826D6C2C43 /* SettingsView.swift in Sources */,
				E0AAF49DD407AA39F1D46445 /* SubscriptionService.swift in Sources */,
				D6DEB312670CD03D4301B1E5 /* TemplateTodayCardGenerator.swift in Sources */,
				328B0836DAC7754D79FE2CB0 /* TendWidgetSnapshot.swift in Sources */,
				A7CCBD453DC37BDA488815EC /* TodayCard.swift in Sources */,
				B93230BDFBA70CF641D9ADC0 /* WWColor.swift in Sources */,
				397576735BE817F56C4CF279 /* WWComponents.swift in Sources */,
				6E6E0502968106AED315DD36 /* WWTypography.swift in Sources */,
				0E96F334434C97A575306806 /* WalkWorthyApp.swift in Sources */,
				D800C7E07360618D86C48FB6 /* WidgetSyncService.swift in Sources */,
			);
			runOnlyForDeploymentPostprocessing = 0;
		};
		CF9F648158BC721B52C01674 /* Sources */ = {
			isa = PBXSourcesBuildPhase;
			buildActionMask = 2147483647;
			files = (
				BDF46555FD65216E1E75170B /* WalkWorthyTests.swift in Sources */,
			);
			runOnlyForDeploymentPostprocessing = 0;
		};
/* End PBXSourcesBuildPhase section */

/* Begin PBXTargetDependency section */
		116CC105BFBBF91A590C0062 /* PBXTargetDependency */ = {
			isa = PBXTargetDependency;
			target = EB4F0D91A7B3CFC6CB4570F5 /* WalkWorthy */;
			targetProxy = 5A0FBB8AB7C37E913102B2FA /* PBXContainerItemProxy */;
		};
		9578443241014D76C2E6CA17 /* PBXTargetDependency */ = {
			isa = PBXTargetDependency;
			target = EB4F0D91A7B3CFC6CB4570F5 /* WalkWorthy */;
			targetProxy = 0ADB64FC13BD49113CB7F93B /* PBXContainerItemProxy */;
		};
		AEBC49C57CF6E1DC682360B4 /* PBXTargetDependency */ = {
			isa = PBXTargetDependency;
			target = 2DE814EBA55CC1EC74BB26A5 /* TendWidgets */;
			targetProxy = 650E034A3D526D7C6C0A535E /* PBXContainerItemProxy */;
		};
/* End PBXTargetDependency section */

/* Begin XCBuildConfiguration section */
		0B79362F8EA1ED0754F745EF /* Debug */ = {
			isa = XCBuildConfiguration;
			buildSettings = {
				BUNDLE_LOADER = "$(TEST_HOST)";
				GENERATE_INFOPLIST_FILE = YES;
				IPHONEOS_DEPLOYMENT_TARGET = 17.0;
				LD_RUNPATH_SEARCH_PATHS = (
					"$(inherited)",
					"@executable_path/Frameworks",
					"@loader_path/Frameworks",
				);
				PRODUCT_BUNDLE_IDENTIFIER = co.keeganryan.tend.tests;
				SDKROOT = iphoneos;
				TARGETED_DEVICE_FAMILY = "1,2";
				TEST_HOST = "$(BUILT_PRODUCTS_DIR)/Tend.app/Tend";
			};
			name = Debug;
		};
		13437B8E7424B90F1CF16C89 /* Debug */ = {
			isa = XCBuildConfiguration;
			buildSettings = {
				ALWAYS_SEARCH_USER_PATHS = NO;
				CLANG_ANALYZER_NONNULL = YES;
				CLANG_ANALYZER_NUMBER_OBJECT_CONVERSION = YES_AGGRESSIVE;
				CLANG_CXX_LANGUAGE_STANDARD = "gnu++14";
				CLANG_CXX_LIBRARY = "libc++";
				CLANG_ENABLE_MODULES = YES;
				CLANG_ENABLE_OBJC_ARC = YES;
				CLANG_ENABLE_OBJC_WEAK = YES;
				CLANG_WARN_BLOCK_CAPTURE_AUTORELEASING = YES;
				CLANG_WARN_BOOL_CONVERSION = YES;
				CLANG_WARN_COMMA = YES;
				CLANG_WARN_CONSTANT_CONVERSION = YES;
				CLANG_WARN_DEPRECATED_OBJC_IMPLEMENTATIONS = YES;
				CLANG_WARN_DIRECT_OBJC_ISA_USAGE = YES_ERROR;
				CLANG_WARN_DOCUMENTATION_COMMENTS = YES;
				CLANG_WARN_EMPTY_BODY = YES;
				CLANG_WARN_ENUM_CONVERSION = YES;
				CLANG_WARN_INFINITE_RECURSION = YES;
				CLANG_WARN_INT_CONVERSION = YES;
				CLANG_WARN_NON_LITERAL_NULL_CONVERSION = YES;
				CLANG_WARN_OBJC_IMPLICIT_RETAIN_SELF = YES;
				CLANG_WARN_OBJC_LITERAL_CONVERSION = YES;
				CLANG_WARN_OBJC_ROOT_CLASS = YES_ERROR;
				CLANG_WARN_QUOTED_INCLUDE_IN_FRAMEWORK_HEADER = YES;
				CLANG_WARN_RANGE_LOOP_ANALYSIS = YES;
				CLANG_WARN_STRICT_PROTOTYPES = YES;
				CLANG_WARN_SUSPICIOUS_MOVE = YES;
				CLANG_WARN_UNGUARDED_AVAILABILITY = YES_AGGRESSIVE;
				CLANG_WARN_UNREACHABLE_CODE = YES;
				CLANG_WARN__DUPLICATE_METHOD_MATCH = YES;
				COPY_PHASE_STRIP = NO;
				CURRENT_PROJECT_VERSION = 1;
				DEBUG_INFORMATION_FORMAT = dwarf;
				ENABLE_STRICT_OBJC_MSGSEND = YES;
				ENABLE_TESTABILITY = YES;
				GCC_C_LANGUAGE_STANDARD = gnu11;
				GCC_DYNAMIC_NO_PIC = NO;
				GCC_NO_COMMON_BLOCKS = YES;
				GCC_OPTIMIZATION_LEVEL = 0;
				GCC_PREPROCESSOR_DEFINITIONS = (
					"$(inherited)",
					"DEBUG=1",
				);
				GCC_WARN_64_TO_32_BIT_CONVERSION = YES;
				GCC_WARN_ABOUT_RETURN_TYPE = YES_ERROR;
				GCC_WARN_UNDECLARED_SELECTOR = YES;
				GCC_WARN_UNINITIALIZED_AUTOS = YES_AGGRESSIVE;
				GCC_WARN_UNUSED_FUNCTION = YES;
				GCC_WARN_UNUSED_VARIABLE = YES;
				MARKETING_VERSION = 1.0;
				MTL_ENABLE_DEBUG_INFO = INCLUDE_SOURCE;
				MTL_FAST_MATH = YES;
				ONLY_ACTIVE_ARCH = YES;
				PRODUCT_NAME = "$(TARGET_NAME)";
				SDKROOT = iphoneos;
				SWIFT_ACTIVE_COMPILATION_CONDITIONS = DEBUG;
				SWIFT_OPTIMIZATION_LEVEL = "-Onone";
				SWIFT_VERSION = 5.1;
			};
			name = Debug;
		};
		22C47C2EC71C91F029C8B5A6 /* Release */ = {
			isa = XCBuildConfiguration;
			buildSettings = {
				ALWAYS_SEARCH_USER_PATHS = NO;
				CLANG_ANALYZER_NONNULL = YES;
				CLANG_ANALYZER_NUMBER_OBJECT_CONVERSION = YES_AGGRESSIVE;
				CLANG_CXX_LANGUAGE_STANDARD = "gnu++14";
				CLANG_CXX_LIBRARY = "libc++";
				CLANG_ENABLE_MODULES = YES;
				CLANG_ENABLE_OBJC_ARC = YES;
				CLANG_ENABLE_OBJC_WEAK = YES;
				CLANG_WARN_BLOCK_CAPTURE_AUTORELEASING = YES;
				CLANG_WARN_BOOL_CONVERSION = YES;
				CLANG_WARN_COMMA = YES;
				CLANG_WARN_CONSTANT_CONVERSION = YES;
				CLANG_WARN_DEPRECATED_OBJC_IMPLEMENTATIONS = YES;
				CLANG_WARN_DIRECT_OBJC_ISA_USAGE = YES_ERROR;
				CLANG_WARN_DOCUMENTATION_COMMENTS = YES;
				CLANG_WARN_EMPTY_BODY = YES;
				CLANG_WARN_ENUM_CONVERSION = YES;
				CLANG_WARN_INFINITE_RECURSION = YES;
				CLANG_WARN_INT_CONVERSION = YES;
				CLANG_WARN_NON_LITERAL_NULL_CONVERSION = YES;
				CLANG_WARN_OBJC_IMPLICIT_RETAIN_SELF = YES;
				CLANG_WARN_OBJC_LITERAL_CONVERSION = YES;
				CLANG_WARN_OBJC_ROOT_CLASS = YES_ERROR;
				CLANG_WARN_QUOTED_INCLUDE_IN_FRAMEWORK_HEADER = YES;
				CLANG_WARN_RANGE_LOOP_ANALYSIS = YES;
				CLANG_WARN_STRICT_PROTOTYPES = YES;
				CLANG_WARN_SUSPICIOUS_MOVE = YES;
				CLANG_WARN_UNGUARDED_AVAILABILITY = YES_AGGRESSIVE;
				CLANG_WARN_UNREACHABLE_CODE = YES;
				CLANG_WARN__DUPLICATE_METHOD_MATCH = YES;
				COPY_PHASE_STRIP = NO;
				CURRENT_PROJECT_VERSION = 1;
				DEBUG_INFORMATION_FORMAT = "dwarf-with-dsym";
				ENABLE_NS_ASSERTIONS = NO;
				ENABLE_STRICT_OBJC_MSGSEND = YES;
				GCC_C_LANGUAGE_STANDARD = gnu11;
				GCC_NO_COMMON_BLOCKS = YES;
				GCC_WARN_64_TO_32_BIT_CONVERSION = YES;
				GCC_WARN_ABOUT_RETURN_TYPE = YES_ERROR;
				GCC_WARN_UNDECLARED_SELECTOR = YES;
				GCC_WARN_UNINITIALIZED_AUTOS = YES_AGGRESSIVE;
				GCC_WARN_UNUSED_FUNCTION = YES;
				GCC_WARN_UNUSED_VARIABLE = YES;
				MARKETING_VERSION = 1.0;
				MTL_ENABLE_DEBUG_INFO = NO;
				MTL_FAST_MATH = YES;
				PRODUCT_NAME = "$(TARGET_NAME)";
				SDKROOT = iphoneos;
				SWIFT_COMPILATION_MODE = wholemodule;
				SWIFT_OPTIMIZATION_LEVEL = "-O";
				SWIFT_VERSION = 5.1;
			};
			name = Release;
		};
		3732326597A16DB16207FCE2 /* Release */ = {
			isa = XCBuildConfiguration;
			buildSettings = {
				BUNDLE_LOADER = "$(TEST_HOST)";
				GENERATE_INFOPLIST_FILE = YES;
				IPHONEOS_DEPLOYMENT_TARGET = 17.0;
				LD_RUNPATH_SEARCH_PATHS = (
					"$(inherited)",
					"@executable_path/Frameworks",
					"@loader_path/Frameworks",
				);
				PRODUCT_BUNDLE_IDENTIFIER = co.keeganryan.tend.uitests;
				SDKROOT = iphoneos;
				TARGETED_DEVICE_FAMILY = "1,2";
				TEST_TARGET_NAME = WalkWorthy;
			};
			name = Release;
		};
		5259F7CC1DE5D9D3405C1136 /* Release */ = {
			isa = XCBuildConfiguration;
			baseConfigurationReference = B9608BFA6D4B1C870BF08533 /* Release.xcconfig */;
			buildSettings = {
				ASSETCATALOG_COMPILER_APPICON_NAME = AppIcon;
				CODE_SIGN_ENTITLEMENTS = WalkWorthy/Resources/WalkWorthy.entitlements;
				CODE_SIGN_IDENTITY = "iPhone Developer";
				CODE_SIGN_STYLE = Automatic;
				CURRENT_PROJECT_VERSION = 3;
				DEVELOPMENT_TEAM = 963UAMD46W;
				INFOPLIST_FILE = WalkWorthy/Resources/Info.plist;
				IPHONEOS_DEPLOYMENT_TARGET = 17.0;
				LD_RUNPATH_SEARCH_PATHS = (
					"$(inherited)",
					"@executable_path/Frameworks",
				);
				MARKETING_VERSION = 1.0;
				PRODUCT_BUNDLE_IDENTIFIER = co.keeganryan.tend;
				PRODUCT_MODULE_NAME = WalkWorthy;
				PRODUCT_NAME = Tend;
				SDKROOT = iphoneos;
				SUPPORTED_PLATFORMS = "iphoneos iphonesimulator";
				SUPPORTS_MACCATALYST = NO;
				SUPPORTS_MAC_DESIGNED_FOR_IPHONE_IPAD = NO;
				SUPPORTS_XR_DESIGNED_FOR_IPHONE_IPAD = NO;
				TARGETED_DEVICE_FAMILY = "1,2";
			};
			name = Release;
		};
		665DDAE0842C53ACDA7F480B /* Debug */ = {
			isa = XCBuildConfiguration;
			baseConfigurationReference = 2055B564ED7F395B4B9C093F /* Debug.xcconfig */;
			buildSettings = {
				ASSETCATALOG_COMPILER_APPICON_NAME = AppIcon;
				CODE_SIGN_ENTITLEMENTS = WalkWorthy/Resources/WalkWorthy.entitlements;
				CODE_SIGN_IDENTITY = "iPhone Developer";
				CODE_SIGN_STYLE = Automatic;
				CURRENT_PROJECT_VERSION = 3;
				DEVELOPMENT_TEAM = 963UAMD46W;
				INFOPLIST_FILE = WalkWorthy/Resources/Info.plist;
				IPHONEOS_DEPLOYMENT_TARGET = 17.0;
				LD_RUNPATH_SEARCH_PATHS = (
					"$(inherited)",
					"@executable_path/Frameworks",
				);
				MARKETING_VERSION = 1.0;
				PRODUCT_BUNDLE_IDENTIFIER = co.keeganryan.tend;
				PRODUCT_MODULE_NAME = WalkWorthy;
				PRODUCT_NAME = Tend;
				SDKROOT = iphoneos;
				SUPPORTED_PLATFORMS = "iphoneos iphonesimulator";
				SUPPORTS_MACCATALYST = NO;
				SUPPORTS_MAC_DESIGNED_FOR_IPHONE_IPAD = NO;
				SUPPORTS_XR_DESIGNED_FOR_IPHONE_IPAD = NO;
				TARGETED_DEVICE_FAMILY = "1,2";
			};
			name = Debug;
		};
		7D9E7F44576AB04798193B55 /* Debug */ = {
			isa = XCBuildConfiguration;
			buildSettings = {
				BUNDLE_LOADER = "$(TEST_HOST)";
				GENERATE_INFOPLIST_FILE = YES;
				IPHONEOS_DEPLOYMENT_TARGET = 17.0;
				LD_RUNPATH_SEARCH_PATHS = (
					"$(inherited)",
					"@executable_path/Frameworks",
					"@loader_path/Frameworks",
				);
				PRODUCT_BUNDLE_IDENTIFIER = co.keeganryan.tend.uitests;
				SDKROOT = iphoneos;
				TARGETED_DEVICE_FAMILY = "1,2";
				TEST_TARGET_NAME = WalkWorthy;
			};
			name = Debug;
		};
		A9F3F4F22639C2625EE7CB87 /* Release */ = {
			isa = XCBuildConfiguration;
			baseConfigurationReference = B9608BFA6D4B1C870BF08533 /* Release.xcconfig */;
			buildSettings = {
				APPLICATION_EXTENSION_API_ONLY = YES;
				CODE_SIGN_ENTITLEMENTS = TendWidgets/TendWidgets.entitlements;
				CODE_SIGN_STYLE = Automatic;
				CURRENT_PROJECT_VERSION = 3;
				DEVELOPMENT_TEAM = 963UAMD46W;
				INFOPLIST_FILE = TendWidgets/Info.plist;
				IPHONEOS_DEPLOYMENT_TARGET = 17.0;
				LD_RUNPATH_SEARCH_PATHS = (
					"$(inherited)",
					"@executable_path/Frameworks",
					"@executable_path/../../Frameworks",
				);
				MARKETING_VERSION = 1.0;
				PRODUCT_BUNDLE_IDENTIFIER = co.keeganryan.tend.widgets;
				PRODUCT_MODULE_NAME = TendWidgets;
				PRODUCT_NAME = TendWidgets;
				SDKROOT = iphoneos;
				SUPPORTED_PLATFORMS = "iphoneos iphonesimulator";
				SUPPORTS_MACCATALYST = NO;
				SUPPORTS_MAC_DESIGNED_FOR_IPHONE_IPAD = NO;
				SUPPORTS_XR_DESIGNED_FOR_IPHONE_IPAD = NO;
				TARGETED_DEVICE_FAMILY = 1;
			};
			name = Release;
		};
		CE1588E8A57FDBDCA4E99F78 /* Release */ = {
			isa = XCBuildConfiguration;
			buildSettings = {
				BUNDLE_LOADER = "$(TEST_HOST)";
				GENERATE_INFOPLIST_FILE = YES;
				IPHONEOS_DEPLOYMENT_TARGET = 17.0;
				LD_RUNPATH_SEARCH_PATHS = (
					"$(inherited)",
					"@executable_path/Frameworks",
					"@loader_path/Frameworks",
				);
				PRODUCT_BUNDLE_IDENTIFIER = co.keeganryan.tend.tests;
				SDKROOT = iphoneos;
				TARGETED_DEVICE_FAMILY = "1,2";
				TEST_HOST = "$(BUILT_PRODUCTS_DIR)/Tend.app/Tend";
			};
			name = Release;
		};
		D1A233BB05CB07B4DBFA3891 /* Debug */ = {
			isa = XCBuildConfiguration;
			baseConfigurationReference = 2055B564ED7F395B4B9C093F /* Debug.xcconfig */;
			buildSettings = {
				APPLICATION_EXTENSION_API_ONLY = YES;
				CODE_SIGN_ENTITLEMENTS = TendWidgets/TendWidgets.entitlements;
				CODE_SIGN_STYLE = Automatic;
				CURRENT_PROJECT_VERSION = 3;
				DEVELOPMENT_TEAM = 963UAMD46W;
				INFOPLIST_FILE = TendWidgets/Info.plist;
				IPHONEOS_DEPLOYMENT_TARGET = 17.0;
				LD_RUNPATH_SEARCH_PATHS = (
					"$(inherited)",
					"@executable_path/Frameworks",
					"@executable_path/../../Frameworks",
				);
				MARKETING_VERSION = 1.0;
				PRODUCT_BUNDLE_IDENTIFIER = co.keeganryan.tend.widgets;
				PRODUCT_MODULE_NAME = TendWidgets;
				PRODUCT_NAME = TendWidgets;
				SDKROOT = iphoneos;
				SUPPORTED_PLATFORMS = "iphoneos iphonesimulator";
				SUPPORTS_MACCATALYST = NO;
				SUPPORTS_MAC_DESIGNED_FOR_IPHONE_IPAD = NO;
				SUPPORTS_XR_DESIGNED_FOR_IPHONE_IPAD = NO;
				TARGETED_DEVICE_FAMILY = 1;
			};
			name = Debug;
		};
/* End XCBuildConfiguration section */

/* Begin XCConfigurationList section */
		64D590854C0CC09815C618EB /* Build configuration list for PBXNativeTarget "WalkWorthy" */ = {
			isa = XCConfigurationList;
			buildConfigurations = (
				665DDAE0842C53ACDA7F480B /* Debug */,
				5259F7CC1DE5D9D3405C1136 /* Release */,
			);
			defaultConfigurationIsVisible = 0;
			defaultConfigurationName = Debug;
		};
		689FA77CC173200698E1FE4A /* Build configuration list for PBXNativeTarget "TendWidgets" */ = {
			isa = XCConfigurationList;
			buildConfigurations = (
				D1A233BB05CB07B4DBFA3891 /* Debug */,
				A9F3F4F22639C2625EE7CB87 /* Release */,
			);
			defaultConfigurationIsVisible = 0;
			defaultConfigurationName = Debug;
		};
		A98DAE117DD075D933645AD0 /* Build configuration list for PBXProject "WalkWorthy" */ = {
			isa = XCConfigurationList;
			buildConfigurations = (
				13437B8E7424B90F1CF16C89 /* Debug */,
				22C47C2EC71C91F029C8B5A6 /* Release */,
			);
			defaultConfigurationIsVisible = 0;
			defaultConfigurationName = Debug;
		};
		CEEF720F046C4468A8AB2E3F /* Build configuration list for PBXNativeTarget "WalkWorthyTests" */ = {
			isa = XCConfigurationList;
			buildConfigurations = (
				0B79362F8EA1ED0754F745EF /* Debug */,
				CE1588E8A57FDBDCA4E99F78 /* Release */,
			);
			defaultConfigurationIsVisible = 0;
			defaultConfigurationName = Debug;
		};
		D8C5379047BD34B38B10622C /* Build configuration list for PBXNativeTarget "WalkWorthyUITests" */ = {
			isa = XCConfigurationList;
			buildConfigurations = (
				7D9E7F44576AB04798193B55 /* Debug */,
				3732326597A16DB16207FCE2 /* Release */,
			);
			defaultConfigurationIsVisible = 0;
			defaultConfigurationName = Debug;
		};
/* End XCConfigurationList section */

/* Begin XCRemoteSwiftPackageReference section */
		F669AA0D710A506C6976B480 /* XCRemoteSwiftPackageReference "purchases-ios" */ = {
			isa = XCRemoteSwiftPackageReference;
			repositoryURL = "https://github.com/RevenueCat/purchases-ios.git";
			requirement = {
				kind = upToNextMajorVersion;
				minimumVersion = 5.0.0;
			};
		};
/* End XCRemoteSwiftPackageReference section */

/* Begin XCSwiftPackageProductDependency section */
		81D082D7DC3EECFB45809889 /* RevenueCat */ = {
			isa = XCSwiftPackageProductDependency;
			package = F669AA0D710A506C6976B480 /* XCRemoteSwiftPackageReference "purchases-ios" */;
			productName = RevenueCat;
		};
/* End XCSwiftPackageProductDependency section */
	};
	rootObject = 92C4E3B6387D78F94278068A /* Project object */;
}
